// !$*UTF8*$!
{
	archiveVersion = 1;
	classes = {
	};
	objectVersion = 46;
	objects = {

/* Begin PBXBuildFile section */
		A22335B41E37FCC8007298E1 /* fasadaModbus.swift in Sources */ = {isa = PBXBuildFile; fileRef = A22335AF1E37FCC7007298E1 /* fasadaModbus.swift */; };
		A22335B51E37FCC8007298E1 /* ModbusClient.swift in Sources */ = {isa = PBXBuildFile; fileRef = A22335B01E37FCC7007298E1 /* ModbusClient.swift */; };
		A22335B61E37FCC8007298E1 /* modbusMbap.swift in Sources */ = {isa = PBXBuildFile; fileRef = A22335B11E37FCC7007298E1 /* modbusMbap.swift */; };
		A22335B71E37FCC8007298E1 /* modbusPdu.swift in Sources */ = {isa = PBXBuildFile; fileRef = A22335B21E37FCC7007298E1 /* modbusPdu.swift */; };
		A22335B81E37FCC8007298E1 /* utilities.swift in Sources */ = {isa = PBXBuildFile; fileRef = A22335B31E37FCC8007298E1 /* utilities.swift */; };
		A223D9AD1E3003C60003669B /* AppDelegate.swift in Sources */ = {isa = PBXBuildFile; fileRef = A223D9AC1E3003C60003669B /* AppDelegate.swift */; };
		A223D9AF1E3003C60003669B /* ViewController.swift in Sources */ = {isa = PBXBuildFile; fileRef = A223D9AE1E3003C60003669B /* ViewController.swift */; };
		A223D9B21E3003C60003669B /* Main.storyboard in Resources */ = {isa = PBXBuildFile; fileRef = A223D9B01E3003C60003669B /* Main.storyboard */; };
		A223D9B41E3003C60003669B /* Assets.xcassets in Resources */ = {isa = PBXBuildFile; fileRef = A223D9B31E3003C60003669B /* Assets.xcassets */; };
		A223D9B71E3003C60003669B /* LaunchScreen.storyboard in Resources */ = {isa = PBXBuildFile; fileRef = A223D9B51E3003C60003669B /* LaunchScreen.storyboard */; };
		A2AC21B21E3B68D800A59667 /* interfaces.swift in Sources */ = {isa = PBXBuildFile; fileRef = A2AC21B11E3B68D800A59667 /* interfaces.swift */; };
		A2AC21B41E3B6C0300A59667 /* constants.swift in Sources */ = {isa = PBXBuildFile; fileRef = A2AC21B31E3B6C0300A59667 /* constants.swift */; };
		A2AC21BF1E3B6DA200A59667 /* Info-tvOS.plist in Resources */ = {isa = PBXBuildFile; fileRef = A2AC21B61E3B6DA200A59667 /* Info-tvOS.plist */; };
		A2AC21C01E3B6DA200A59667 /* Info.plist in Resources */ = {isa = PBXBuildFile; fileRef = A2AC21B71E3B6DA200A59667 /* Info.plist */; };
		A2AC21C11E3B6DA200A59667 /* Result.swift in Sources */ = {isa = PBXBuildFile; fileRef = A2AC21B81E3B6DA200A59667 /* Result.swift */; };
		A2AC21C21E3B6DA200A59667 /* Socket.swift in Sources */ = {isa = PBXBuildFile; fileRef = A2AC21B91E3B6DA200A59667 /* Socket.swift */; };
		A2AC21C31E3B6DA200A59667 /* TCPClient.swift in Sources */ = {isa = PBXBuildFile; fileRef = A2AC21BB1E3B6DA200A59667 /* TCPClient.swift */; };
		A2AC21C41E3B6DA200A59667 /* UDPClient.swift in Sources */ = {isa = PBXBuildFile; fileRef = A2AC21BC1E3B6DA200A59667 /* UDPClient.swift */; };
		A2AC21C51E3B6DA200A59667 /* ytcpsocket.c in Sources */ = {isa = PBXBuildFile; fileRef = A2AC21BD1E3B6DA200A59667 /* ytcpsocket.c */; };
		A2AC21C61E3B6DA200A59667 /* yudpsocket.c in Sources */ = {isa = PBXBuildFile; fileRef = A2AC21BE1E3B6DA200A59667 /* yudpsocket.c */; };
		A2E530A11E3B830E000898A6 /* pdu.swift in Sources */ = {isa = PBXBuildFile; fileRef = A2E530A01E3B830E000898A6 /* pdu.swift */; };
/* End PBXBuildFile section */

/* Begin PBXFileReference section */
		A22335AF1E37FCC7007298E1 /* fasadaModbus.swift */ = {isa = PBXFileReference; fileEncoding = 4; lastKnownFileType = sourcecode.swift; path = fasadaModbus.swift; sourceTree = "<group>"; };
		A22335B01E37FCC7007298E1 /* ModbusClient.swift */ = {isa = PBXFileReference; fileEncoding = 4; lastKnownFileType = sourcecode.swift; path = ModbusClient.swift; sourceTree = "<group>"; };
		A22335B11E37FCC7007298E1 /* modbusMbap.swift */ = {isa = PBXFileReference; fileEncoding = 4; lastKnownFileType = sourcecode.swift; path = modbusMbap.swift; sourceTree = "<group>"; };
		A22335B21E37FCC7007298E1 /* modbusPdu.swift */ = {isa = PBXFileReference; fileEncoding = 4; lastKnownFileType = sourcecode.swift; path = modbusPdu.swift; sourceTree = "<group>"; };
		A22335B31E37FCC8007298E1 /* utilities.swift */ = {isa = PBXFileReference; fileEncoding = 4; lastKnownFileType = sourcecode.swift; path = utilities.swift; sourceTree = "<group>"; };
		A223D9A91E3003C60003669B /* teslaCharger.app */ = {isa = PBXFileReference; explicitFileType = wrapper.application; includeInIndex = 0; path = teslaCharger.app; sourceTree = BUILT_PRODUCTS_DIR; };
		A223D9AC1E3003C60003669B /* AppDelegate.swift */ = {isa = PBXFileReference; lastKnownFileType = sourcecode.swift; path = AppDelegate.swift; sourceTree = "<group>"; };
		A223D9AE1E3003C60003669B /* ViewController.swift */ = {isa = PBXFileReference; lastKnownFileType = sourcecode.swift; path = ViewController.swift; sourceTree = "<group>"; };
		A223D9B11E3003C60003669B /* Base */ = {isa = PBXFileReference; lastKnownFileType = file.storyboard; name = Base; path = Base.lproj/Main.storyboard; sourceTree = "<group>"; };
		A223D9B31E3003C60003669B /* Assets.xcassets */ = {isa = PBXFileReference; lastKnownFileType = folder.assetcatalog; path = Assets.xcassets; sourceTree = "<group>"; };
		A223D9B61E3003C60003669B /* Base */ = {isa = PBXFileReference; lastKnownFileType = file.storyboard; name = Base; path = Base.lproj/LaunchScreen.storyboard; sourceTree = "<group>"; };
		A223D9B81E3003C60003669B /* Info.plist */ = {isa = PBXFileReference; lastKnownFileType = text.plist.xml; path = Info.plist; sourceTree = "<group>"; };
		A2AC21B11E3B68D800A59667 /* interfaces.swift */ = {isa = PBXFileReference; fileEncoding = 4; lastKnownFileType = sourcecode.swift; path = interfaces.swift; sourceTree = "<group>"; };
		A2AC21B31E3B6C0300A59667 /* constants.swift */ = {isa = PBXFileReference; fileEncoding = 4; lastKnownFileType = sourcecode.swift; path = constants.swift; sourceTree = "<group>"; };
		A2AC21B51E3B6DA100A59667 /* teslaCharger-Bridging-Header.h */ = {isa = PBXFileReference; lastKnownFileType = sourcecode.c.h; path = "teslaCharger-Bridging-Header.h"; sourceTree = "<group>"; };
		A2AC21B61E3B6DA200A59667 /* Info-tvOS.plist */ = {isa = PBXFileReference; fileEncoding = 4; lastKnownFileType = text.plist.xml; name = "Info-tvOS.plist"; path = "teslaCharger/SwiftSocket/Info-tvOS.plist"; sourceTree = SOURCE_ROOT; };
		A2AC21B71E3B6DA200A59667 /* Info.plist */ = {isa = PBXFileReference; fileEncoding = 4; lastKnownFileType = text.plist.xml; name = Info.plist; path = teslaCharger/SwiftSocket/Info.plist; sourceTree = SOURCE_ROOT; };
		A2AC21B81E3B6DA200A59667 /* Result.swift */ = {isa = PBXFileReference; fileEncoding = 4; lastKnownFileType = sourcecode.swift; name = Result.swift; path = teslaCharger/SwiftSocket/Result.swift; sourceTree = SOURCE_ROOT; };
		A2AC21B91E3B6DA200A59667 /* Socket.swift */ = {isa = PBXFileReference; fileEncoding = 4; lastKnownFileType = sourcecode.swift; name = Socket.swift; path = teslaCharger/SwiftSocket/Socket.swift; sourceTree = SOURCE_ROOT; };
		A2AC21BA1E3B6DA200A59667 /* SwiftSocket.h */ = {isa = PBXFileReference; fileEncoding = 4; lastKnownFileType = sourcecode.c.h; name = SwiftSocket.h; path = teslaCharger/SwiftSocket/SwiftSocket.h; sourceTree = SOURCE_ROOT; };
		A2AC21BB1E3B6DA200A59667 /* TCPClient.swift */ = {isa = PBXFileReference; fileEncoding = 4; lastKnownFileType = sourcecode.swift; name = TCPClient.swift; path = teslaCharger/SwiftSocket/TCPClient.swift; sourceTree = SOURCE_ROOT; };
		A2AC21BC1E3B6DA200A59667 /* UDPClient.swift */ = {isa = PBXFileReference; fileEncoding = 4; lastKnownFileType = sourcecode.swift; name = UDPClient.swift; path = teslaCharger/SwiftSocket/UDPClient.swift; sourceTree = SOURCE_ROOT; };
		A2AC21BD1E3B6DA200A59667 /* ytcpsocket.c */ = {isa = PBXFileReference; fileEncoding = 4; lastKnownFileType = sourcecode.c.c; name = ytcpsocket.c; path = teslaCharger/SwiftSocket/ytcpsocket.c; sourceTree = SOURCE_ROOT; };
		A2AC21BE1E3B6DA200A59667 /* yudpsocket.c */ = {isa = PBXFileReference; fileEncoding = 4; lastKnownFileType = sourcecode.c.c; name = yudpsocket.c; path = teslaCharger/SwiftSocket/yudpsocket.c; sourceTree = SOURCE_ROOT; };
		A2E530A01E3B830E000898A6 /* pdu.swift */ = {isa = PBXFileReference; fileEncoding = 4; lastKnownFileType = sourcecode.swift; path = pdu.swift; sourceTree = "<group>"; };
/* End PBXFileReference section */

/* Begin PBXFrameworksBuildPhase section */
		A223D9A61E3003C60003669B /* Frameworks */ = {
			isa = PBXFrameworksBuildPhase;
			buildActionMask = 2147483647;
			files = (
			);
			runOnlyForDeploymentPostprocessing = 0;
		};
/* End PBXFrameworksBuildPhase section */

/* Begin PBXGroup section */
		A22335AE1E37FCC7007298E1 /* Modbus */ = {
			isa = PBXGroup;
			children = (
				A2AC21B31E3B6C0300A59667 /* constants.swift */,
				A22335AF1E37FCC7007298E1 /* fasadaModbus.swift */,
				A22335B01E37FCC7007298E1 /* ModbusClient.swift */,
				A22335B11E37FCC7007298E1 /* modbusMbap.swift */,
				A22335B21E37FCC7007298E1 /* modbusPdu.swift */,
				A22335B31E37FCC8007298E1 /* utilities.swift */,
				A2AC21B11E3B68D800A59667 /* interfaces.swift */,
			);
			name = Modbus;
			path = teslaCharger/Modbus;
			sourceTree = "<group>";
		};
		A223D9A01E3003C60003669B = {
			isa = PBXGroup;
			children = (
				A2E5309F1E3B82FC000898A6 /* Modbus2 */,
				A223D9D01E300DF90003669B /* SwiftSocket */,
				A223D9AB1E3003C60003669B /* teslaCharger */,
				A223D9AA1E3003C60003669B /* Products */,
				A22335AE1E37FCC7007298E1 /* Modbus */,
			);
			sourceTree = "<group>";
		};
		A223D9AA1E3003C60003669B /* Products */ = {
			isa = PBXGroup;
			children = (
				A223D9A91E3003C60003669B /* teslaCharger.app */,
			);
			name = Products;
			sourceTree = "<group>";
		};
		A223D9AB1E3003C60003669B /* teslaCharger */ = {
			isa = PBXGroup;
			children = (
				A223D9AC1E3003C60003669B /* AppDelegate.swift */,
				A223D9AE1E3003C60003669B /* ViewController.swift */,
				A223D9B01E3003C60003669B /* Main.storyboard */,
				A223D9B31E3003C60003669B /* Assets.xcassets */,
				A223D9B51E3003C60003669B /* LaunchScreen.storyboard */,
				A223D9B81E3003C60003669B /* Info.plist */,
			);
			path = teslaCharger;
			sourceTree = "<group>";
		};
		A223D9D01E300DF90003669B /* SwiftSocket */ = {
			isa = PBXGroup;
			children = (
				A2AC21B61E3B6DA200A59667 /* Info-tvOS.plist */,
				A2AC21B71E3B6DA200A59667 /* Info.plist */,
				A2AC21B81E3B6DA200A59667 /* Result.swift */,
				A2AC21B91E3B6DA200A59667 /* Socket.swift */,
				A2AC21BA1E3B6DA200A59667 /* SwiftSocket.h */,
				A2AC21BB1E3B6DA200A59667 /* TCPClient.swift */,
				A2AC21BC1E3B6DA200A59667 /* UDPClient.swift */,
				A2AC21BD1E3B6DA200A59667 /* ytcpsocket.c */,
				A2AC21BE1E3B6DA200A59667 /* yudpsocket.c */,
				A2AC21B51E3B6DA100A59667 /* teslaCharger-Bridging-Header.h */,
			);
			name = SwiftSocket;
			path = teslaCharger/Modbus;
			sourceTree = SOURCE_ROOT;
		};
		A2E5309F1E3B82FC000898A6 /* Modbus2 */ = {
			isa = PBXGroup;
			children = (
				A2E530A01E3B830E000898A6 /* pdu.swift */,
			);
			name = Modbus2;
			sourceTree = "<group>";
		};
/* End PBXGroup section */

/* Begin PBXNativeTarget section */
		A223D9A81E3003C60003669B /* teslaCharger */ = {
			isa = PBXNativeTarget;
			buildConfigurationList = A223D9BB1E3003C60003669B /* Build configuration list for PBXNativeTarget "teslaCharger" */;
			buildPhases = (
				A223D9A51E3003C60003669B /* Sources */,
				A223D9A61E3003C60003669B /* Frameworks */,
				A223D9A71E3003C60003669B /* Resources */,
			);
			buildRules = (
			);
			dependencies = (
			);
			name = teslaCharger;
			productName = teslaCharger;
			productReference = A223D9A91E3003C60003669B /* teslaCharger.app */;
			productType = "com.apple.product-type.application";
		};
/* End PBXNativeTarget section */

/* Begin PBXProject section */
		A223D9A11E3003C60003669B /* Project object */ = {
			isa = PBXProject;
			attributes = {
				LastSwiftUpdateCheck = 0820;
				LastUpgradeCheck = 0820;
				ORGANIZATIONNAME = "Grzegorz Mickowski";
				TargetAttributes = {
					A223D9A81E3003C60003669B = {
						CreatedOnToolsVersion = 8.2.1;
						LastSwiftMigration = 0820;
						ProvisioningStyle = Automatic;
					};
				};
			};
			buildConfigurationList = A223D9A41E3003C60003669B /* Build configuration list for PBXProject "teslaCharger" */;
			compatibilityVersion = "Xcode 3.2";
			developmentRegion = English;
			hasScannedForEncodings = 0;
			knownRegions = (
				en,
				Base,
			);
			mainGroup = A223D9A01E3003C60003669B;
			productRefGroup = A223D9AA1E3003C60003669B /* Products */;
			projectDirPath = "";
			projectRoot = "";
			targets = (
				A223D9A81E3003C60003669B /* teslaCharger */,
			);
		};
/* End PBXProject section */

/* Begin PBXResourcesBuildPhase section */
		A223D9A71E3003C60003669B /* Resources */ = {
			isa = PBXResourcesBuildPhase;
			buildActionMask = 2147483647;
			files = (
				A223D9B71E3003C60003669B /* LaunchScreen.storyboard in Resources */,
				A223D9B41E3003C60003669B /* Assets.xcassets in Resources */,
				A2AC21BF1E3B6DA200A59667 /* Info-tvOS.plist in Resources */,
				A2AC21C01E3B6DA200A59667 /* Info.plist in Resources */,
				A223D9B21E3003C60003669B /* Main.storyboard in Resources */,
			);
			runOnlyForDeploymentPostprocessing = 0;
		};
/* End PBXResourcesBuildPhase section */

/* Begin PBXSourcesBuildPhase section */
		A223D9A51E3003C60003669B /* Sources */ = {
			isa = PBXSourcesBuildPhase;
			buildActionMask = 2147483647;
			files = (
				A22335B61E37FCC8007298E1 /* modbusMbap.swift in Sources */,
				A2AC21B21E3B68D800A59667 /* interfaces.swift in Sources */,
				A22335B81E37FCC8007298E1 /* utilities.swift in Sources */,
				A22335B51E37FCC8007298E1 /* ModbusClient.swift in Sources */,
				A22335B71E37FCC8007298E1 /* modbusPdu.swift in Sources */,
				A2AC21B41E3B6C0300A59667 /* constants.swift in Sources */,
				A2AC21C51E3B6DA200A59667 /* ytcpsocket.c in Sources */,
				A2AC21C21E3B6DA200A59667 /* Socket.swift in Sources */,
				A2AC21C11E3B6DA200A59667 /* Result.swift in Sources */,
				A2AC21C31E3B6DA200A59667 /* TCPClient.swift in Sources */,
				A223D9AF1E3003C60003669B /* ViewController.swift in Sources */,
				A2AC21C61E3B6DA200A59667 /* yudpsocket.c in Sources */,
				A22335B41E37FCC8007298E1 /* fasadaModbus.swift in Sources */,
				A2E530A11E3B830E000898A6 /* pdu.swift in Sources */,
				A223D9AD1E3003C60003669B /* AppDelegate.swift in Sources */,
				A2AC21C41E3B6DA200A59667 /* UDPClient.swift in Sources */,
			);
			runOnlyForDeploymentPostprocessing = 0;
		};
/* End PBXSourcesBuildPhase section */

/* Begin PBXVariantGroup section */
		A223D9B01E3003C60003669B /* Main.storyboard */ = {
			isa = PBXVariantGroup;
			children = (
				A223D9B11E3003C60003669B /* Base */,
			);
			name = Main.storyboard;
			sourceTree = "<group>";
		};
		A223D9B51E3003C60003669B /* LaunchScreen.storyboard */ = {
			isa = PBXVariantGroup;
			children = (
				A223D9B61E3003C60003669B /* Base */,
			);
			name = LaunchScreen.storyboard;
			sourceTree = "<group>";
		};
/* End PBXVariantGroup section */

/* Begin XCBuildConfiguration section */
		A223D9B91E3003C60003669B /* Debug */ = {
			isa = XCBuildConfiguration;
			buildSettings = {
				ALWAYS_SEARCH_USER_PATHS = NO;
				CLANG_ANALYZER_NONNULL = YES;
				CLANG_CXX_LANGUAGE_STANDARD = "gnu++0x";
				CLANG_CXX_LIBRARY = "libc++";
				CLANG_ENABLE_MODULES = YES;
				CLANG_ENABLE_OBJC_ARC = YES;
				CLANG_WARN_BOOL_CONVERSION = YES;
				CLANG_WARN_CONSTANT_CONVERSION = YES;
				CLANG_WARN_DIRECT_OBJC_ISA_USAGE = YES_ERROR;
				CLANG_WARN_DOCUMENTATION_COMMENTS = YES;
				CLANG_WARN_EMPTY_BODY = YES;
				CLANG_WARN_ENUM_CONVERSION = YES;
				CLANG_WARN_INFINITE_RECURSION = YES;
				CLANG_WARN_INT_CONVERSION = YES;
				CLANG_WARN_OBJC_ROOT_CLASS = YES_ERROR;
				CLANG_WARN_SUSPICIOUS_MOVE = YES;
				CLANG_WARN_UNREACHABLE_CODE = YES;
				CLANG_WARN__DUPLICATE_METHOD_MATCH = YES;
				"CODE_SIGN_IDENTITY[sdk=iphoneos*]" = "iPhone Developer";
				COPY_PHASE_STRIP = NO;
				DEBUG_INFORMATION_FORMAT = dwarf;
				ENABLE_STRICT_OBJC_MSGSEND = YES;
				ENABLE_TESTABILITY = YES;
				GCC_C_LANGUAGE_STANDARD = gnu99;
				GCC_DYNAMIC_NO_PIC = NO;
				GCC_NO_COMMON_BLOCKS = YES;
				GCC_OPTIMIZATION_LEVEL = 0;
				GCC_PREPROCESSOR_DEFINITIONS = (
					"DEBUG=1",
					"$(inherited)",
				);
				GCC_WARN_64_TO_32_BIT_CONVERSION = YES;
				GCC_WARN_ABOUT_RETURN_TYPE = YES_ERROR;
				GCC_WARN_UNDECLARED_SELECTOR = YES;
				GCC_WARN_UNINITIALIZED_AUTOS = YES_AGGRESSIVE;
				GCC_WARN_UNUSED_FUNCTION = YES;
				GCC_WARN_UNUSED_VARIABLE = YES;
				IPHONEOS_DEPLOYMENT_TARGET = 10.2;
				MTL_ENABLE_DEBUG_INFO = YES;
				ONLY_ACTIVE_ARCH = YES;
				SDKROOT = iphoneos;
				SWIFT_ACTIVE_COMPILATION_CONDITIONS = DEBUG;
				SWIFT_OPTIMIZATION_LEVEL = "-Onone";
				TARGETED_DEVICE_FAMILY = "1,2";
			};
			name = Debug;
		};
		A223D9BA1E3003C60003669B /* Release */ = {
			isa = XCBuildConfiguration;
			buildSettings = {
				ALWAYS_SEARCH_USER_PATHS = NO;
				CLANG_ANALYZER_NONNULL = YES;
				CLANG_CXX_LANGUAGE_STANDARD = "gnu++0x";
				CLANG_CXX_LIBRARY = "libc++";
				CLANG_ENABLE_MODULES = YES;
				CLANG_ENABLE_OBJC_ARC = YES;
				CLANG_WARN_BOOL_CONVERSION = YES;
				CLANG_WARN_CONSTANT_CONVERSION = YES;
				CLANG_WARN_DIRECT_OBJC_ISA_USAGE = YES_ERROR;
				CLANG_WARN_DOCUMENTATION_COMMENTS = YES;
				CLANG_WARN_EMPTY_BODY = YES;
				CLANG_WARN_ENUM_CONVERSION = YES;
				CLANG_WARN_INFINITE_RECURSION = YES;
				CLANG_WARN_INT_CONVERSION = YES;
				CLANG_WARN_OBJC_ROOT_CLASS = YES_ERROR;
				CLANG_WARN_SUSPICIOUS_MOVE = YES;
				CLANG_WARN_UNREACHABLE_CODE = YES;
				CLANG_WARN__DUPLICATE_METHOD_MATCH = YES;
				"CODE_SIGN_IDENTITY[sdk=iphoneos*]" = "iPhone Developer";
				COPY_PHASE_STRIP = NO;
				DEBUG_INFORMATION_FORMAT = "dwarf-with-dsym";
				ENABLE_NS_ASSERTIONS = NO;
				ENABLE_STRICT_OBJC_MSGSEND = YES;
				GCC_C_LANGUAGE_STANDARD = gnu99;
				GCC_NO_COMMON_BLOCKS = YES;
				GCC_WARN_64_TO_32_BIT_CONVERSION = YES;
				GCC_WARN_ABOUT_RETURN_TYPE = YES_ERROR;
				GCC_WARN_UNDECLARED_SELECTOR = YES;
				GCC_WARN_UNINITIALIZED_AUTOS = YES_AGGRESSIVE;
				GCC_WARN_UNUSED_FUNCTION = YES;
				GCC_WARN_UNUSED_VARIABLE = YES;
				IPHONEOS_DEPLOYMENT_TARGET = 10.2;
				MTL_ENABLE_DEBUG_INFO = NO;
				SDKROOT = iphoneos;
				SWIFT_OPTIMIZATION_LEVEL = "-Owholemodule";
				TARGETED_DEVICE_FAMILY = "1,2";
				VALIDATE_PRODUCT = YES;
			};
			name = Release;
		};
		A223D9BC1E3003C60003669B /* Debug */ = {
			isa = XCBuildConfiguration;
			buildSettings = {
				ASSETCATALOG_COMPILER_APPICON_NAME = AppIcon;
				CLANG_ENABLE_MODULES = YES;
				INFOPLIST_FILE = teslaCharger/Info.plist;
				LD_RUNPATH_SEARCH_PATHS = "$(inherited) @executable_path/Frameworks";
				PRODUCT_BUNDLE_IDENTIFIER = com.mindscape.teslaCharger;
				PRODUCT_NAME = "$(TARGET_NAME)";
				SWIFT_OBJC_BRIDGING_HEADER = "teslaCharger/Modbus/teslaCharger-Bridging-Header.h";
				SWIFT_OPTIMIZATION_LEVEL = "-Onone";
				SWIFT_VERSION = 3.0;
			};
			name = Debug;
		};
		A223D9BD1E3003C60003669B /* Release */ = {
			isa = XCBuildConfiguration;
			buildSettings = {
				ASSETCATALOG_COMPILER_APPICON_NAME = AppIcon;
				CLANG_ENABLE_MODULES = YES;
				INFOPLIST_FILE = teslaCharger/Info.plist;
				LD_RUNPATH_SEARCH_PATHS = "$(inherited) @executable_path/Frameworks";
				PRODUCT_BUNDLE_IDENTIFIER = com.mindscape.teslaCharger;
				PRODUCT_NAME = "$(TARGET_NAME)";
				SWIFT_OBJC_BRIDGING_HEADER = "teslaCharger/Modbus/teslaCharger-Bridging-Header.h";
				SWIFT_VERSION = 3.0;
			};
			name = Release;
		};
/* End XCBuildConfiguration section */

/* Begin XCConfigurationList section */
		A223D9A41E3003C60003669B /* Build configuration list for PBXProject "teslaCharger" */ = {
			isa = XCConfigurationList;
			buildConfigurations = (
				A223D9B91E3003C60003669B /* Debug */,
				A223D9BA1E3003C60003669B /* Release */,
			);
			defaultConfigurationIsVisible = 0;
			defaultConfigurationName = Release;
		};
		A223D9BB1E3003C60003669B /* Build configuration list for PBXNativeTarget "teslaCharger" */ = {
			isa = XCConfigurationList;
			buildConfigurations = (
				A223D9BC1E3003C60003669B /* Debug */,
				A223D9BD1E3003C60003669B /* Release */,
			);
			defaultConfigurationIsVisible = 0;
			defaultConfigurationName = Release;
		};
/* End XCConfigurationList section */
	};
	rootObject = A223D9A11E3003C60003669B /* Project object */;
}
